
Microsoft Visual Studio Solution File, Format Version 12.00
# Visual Studio Version 17
VisualStudioVersion = 17.4.33122.133
MinimumVisualStudioVersion = 10.0.40219.1
Project("{9A19103F-16F7-4668-BE54-9A1E7A4F7556}") = "Tourist Place App", "Tourist Place App\Tourist Place App.csproj", "{AB6A862C-2670-4C1C-B24F-CC75D0562BC8}"
EndProject
Global
	GlobalSection(SolutionConfigurationPlatforms) = preSolution
		Debug|Any CPU = Debug|Any CPU
		Release|Any CPU = Release|Any CPU
	EndGlobalSection
	GlobalSection(ProjectConfigurationPlatforms) = postSolution
		{AB6A862C-2670-4C1C-B24F-CC75D0562BC8}.Debug|Any CPU.ActiveCfg = Debug|Any CPU
		{AB6A862C-2670-4C1C-B24F-CC75D0562BC8}.Debug|Any CPU.Build.0 = Debug|Any CPU
		{AB6A862C-2670-4C1C-B24F-CC75D0562BC8}.Release|Any CPU.ActiveCfg = Release|Any CPU
		{AB6A862C-2670-4C1C-B24F-CC75D0562BC8}.Release|Any CPU.Build.0 = Release|Any CPU
	EndGlobalSection
	GlobalSection(SolutionProperties) = preSolution
		HideSolutionNode = FALSE
	EndGlobalSection
	GlobalSection(ExtensibilityGlobals) = postSolution
		SolutionGuid = {6FAA8B5B-C827-431C-989D-F248D3EC0AE4}
	EndGlobalSection
EndGlobal
